
Microsoft Visual Studio Solution File, Format Version 12.00
# Visual Studio Version 16
VisualStudioVersion = 16.0.33423.256
MinimumVisualStudioVersion = 10.0.40219.1
Project("{8BC9CEB8-8B4A-11D0-8D11-00A0C91BC942}") = "Fly Again", "Fly Again.vcxproj", "{06E15226-9AE7-45DE-A7C3-AFD625DB60F6}"
EndProject
Global
	GlobalSection(SolutionConfigurationPlatforms) = preSolution
		Debug|x64 = Debug|x64
		Debug|x86 = Debug|x86
		Release|x64 = Release|x64
		Release|x86 = Release|x86
	EndGlobalSection
	GlobalSection(ProjectConfigurationPlatforms) = postSolution
		{06E15226-9AE7-45DE-A7C3-AFD625DB60F6}.Debug|x64.ActiveCfg = Debug|x64
		{06E15226-9AE7-45DE-A7C3-AFD625DB60F6}.Debug|x64.Build.0 = Debug|x64
		{06E15226-9AE7-45DE-A7C3-AFD625DB60F6}.Debug|x86.ActiveCfg = Debug|Win32
		{06E15226-9AE7-45DE-A7C3-AFD625DB60F6}.Debug|x86.Build.0 = Debug|Win32
		{06E15226-9AE7-45DE-A7C3-AFD625DB60F6}.Release|x64.ActiveCfg = Release|x64
		{06E15226-9AE7-45DE-A7C3-AFD625DB60F6}.Release|x64.Build.0 = Release|x64
		{06E15226-9AE7-45DE-A7C3-AFD625DB60F6}.Release|x86.ActiveCfg = Release|Win32
		{06E15226-9AE7-45DE-A7C3-AFD625DB60F6}.Release|x86.Build.0 = Release|Win32
	EndGlobalSection
	GlobalSection(SolutionProperties) = preSolution
		HideSolutionNode = FALSE
	EndGlobalSection
	GlobalSection(ExtensibilityGlobals) = postSolution
		SolutionGuid = {E987116C-A989-4D79-ADB2-41CA9B5B4791}
	EndGlobalSection
EndGlobal
